
Microsoft Visual Studio Solution File, Format Version 12.00
# Visual Studio Version 17
VisualStudioVersion = 17.10.34916.146
MinimumVisualStudioVersion = 10.0.40219.1
Project("{9A19103F-16F7-4668-BE54-9A1E7A4F7556}") = "Encapsulation", "Encapsulation\Encapsulation.csproj", "{C91C840B-850A-4848-9BB2-4A7B0DF4AE30}"
EndProject
Project("{9A19103F-16F7-4668-BE54-9A1E7A4F7556}") = "Polymorphism", "Polymorphism\Polymorphism.csproj", "{7F96AFED-D4AA-4B18-8F99-1B8BAD441F01}"
EndProject
Global
	GlobalSection(SolutionConfigurationPlatforms) = preSolution
		Debug|Any CPU = Debug|Any CPU
		Release|Any CPU = Release|Any CPU
	EndGlobalSection
	GlobalSection(ProjectConfigurationPlatforms) = postSolution
		{C91C840B-850A-4848-9BB2-4A7B0DF4AE30}.Debug|Any CPU.ActiveCfg = Debug|Any CPU
		{C91C840B-850A-4848-9BB2-4A7B0DF4AE30}.Debug|Any CPU.Build.0 = Debug|Any CPU
		{C91C840B-850A-4848-9BB2-4A7B0DF4AE30}.Release|Any CPU.ActiveCfg = Release|Any CPU
		{C91C840B-850A-4848-9BB2-4A7B0DF4AE30}.Release|Any CPU.Build.0 = Release|Any CPU
		{7F96AFED-D4AA-4B18-8F99-1B8BAD441F01}.Debug|Any CPU.ActiveCfg = Debug|Any CPU
		{7F96AFED-D4AA-4B18-8F99-1B8BAD441F01}.Debug|Any CPU.Build.0 = Debug|Any CPU
		{7F96AFED-D4AA-4B18-8F99-1B8BAD441F01}.Release|Any CPU.ActiveCfg = Release|Any CPU
		{7F96AFED-D4AA-4B18-8F99-1B8BAD441F01}.Release|Any CPU.Build.0 = Release|Any CPU
	EndGlobalSection
	GlobalSection(SolutionProperties) = preSolution
		HideSolutionNode = FALSE
	EndGlobalSection
	GlobalSection(ExtensibilityGlobals) = postSolution
		SolutionGuid = {D8411F3F-151C-4E24-91D3-1271999AC31E}
	EndGlobalSection
EndGlobal
